Microsoft Visual Studio Solution File, Format Version 12.00
# Visual Studio 2012
Project("{FAE04EC0-301F-11D3-BF4B-00C04F79EFBC}") = "sampleapp", "sampleapp.csproj", "{CF9240E9-D278-4C7C-83CB-836EA14DB6ED}"
EndProject
Global
	GlobalSection(SolutionConfigurationPlatforms) = preSolution
	Debug|Any CPU = Debug|Any CPU
	ExportDebug|Any CPU = ExportDebug|Any CPU
	ExportRelease|Any CPU = ExportRelease|Any CPU
	EndGlobalSection
	GlobalSection(ProjectConfigurationPlatforms) = postSolution
		{CF9240E9-D278-4C7C-83CB-836EA14DB6ED}.Debug|Any CPU.ActiveCfg = Debug|Any CPU
		{CF9240E9-D278-4C7C-83CB-836EA14DB6ED}.Debug|Any CPU.Build.0 = Debug|Any CPU
		{CF9240E9-D278-4C7C-83CB-836EA14DB6ED}.ExportDebug|Any CPU.ActiveCfg = ExportDebug|Any CPU
		{CF9240E9-D278-4C7C-83CB-836EA14DB6ED}.ExportDebug|Any CPU.Build.0 = ExportDebug|Any CPU
		{CF9240E9-D278-4C7C-83CB-836EA14DB6ED}.ExportRelease|Any CPU.ActiveCfg = ExportRelease|Any CPU
		{CF9240E9-D278-4C7C-83CB-836EA14DB6ED}.ExportRelease|Any CPU.Build.0 = ExportRelease|Any CPU
	EndGlobalSection
EndGlobal
